// !$*UTF8*$!
{
	archiveVersion = 1;
	classes = {
	};
	objectVersion = 48;
	objects = {

/* Begin PBXBuildFile section */
		D2001E932062338A00074BA7 /* AppDelegate.swift in Sources */ = {isa = PBXBuildFile; fileRef = D2001E922062338A00074BA7 /* AppDelegate.swift */; };
		D2001E952062338A00074BA7 /* ViewController.swift in Sources */ = {isa = PBXBuildFile; fileRef = D2001E942062338A00074BA7 /* ViewController.swift */; };
		D2001E982062338A00074BA7 /* Main.storyboard in Resources */ = {isa = PBXBuildFile; fileRef = D2001E962062338A00074BA7 /* Main.storyboard */; };
		D2001E9A2062338A00074BA7 /* Assets.xcassets in Resources */ = {isa = PBXBuildFile; fileRef = D2001E992062338A00074BA7 /* Assets.xcassets */; };
		D2001E9D2062338A00074BA7 /* LaunchScreen.storyboard in Resources */ = {isa = PBXBuildFile; fileRef = D2001E9B2062338A00074BA7 /* LaunchScreen.storyboard */; };
		D2001EA82062338A00074BA7 /* JenkinsExampleTests.swift in Sources */ = {isa = PBXBuildFile; fileRef = D2001EA72062338A00074BA7 /* JenkinsExampleTests.swift */; };
		D2001EB32062338A00074BA7 /* JenkinsExampleUITests.swift in Sources */ = {isa = PBXBuildFile; fileRef = D2001EB22062338A00074BA7 /* JenkinsExampleUITests.swift */; };
		D2001EC22062425000074BA7 /* Jenkinsfile in Resources */ = {isa = PBXBuildFile; fileRef = D2001EC12062425000074BA7 /* Jenkinsfile */; };
/* End PBXBuildFile section */

/* Begin PBXContainerItemProxy section */
		D2001EA42062338A00074BA7 /* PBXContainerItemProxy */ = {
			isa = PBXContainerItemProxy;
			containerPortal = D2001E872062338A00074BA7 /* Project object */;
			proxyType = 1;
			remoteGlobalIDString = D2001E8E2062338A00074BA7;
			remoteInfo = JenkinsExample;
		};
		D2001EAF2062338A00074BA7 /* PBXContainerItemProxy */ = {
			isa = PBXContainerItemProxy;
			containerPortal = D2001E872062338A00074BA7 /* Project object */;
			proxyType = 1;
			remoteGlobalIDString = D2001E8E2062338A00074BA7;
			remoteInfo = JenkinsExample;
		};
/* End PBXContainerItemProxy section */

/* Begin PBXFileReference section */
		D2001E8F2062338A00074BA7 /* JenkinsExample.app */ = {isa = PBXFileReference; explicitFileType = wrapper.application; includeInIndex = 0; path = JenkinsExample.app; sourceTree = BUILT_PRODUCTS_DIR; };
		D2001E922062338A00074BA7 /* AppDelegate.swift */ = {isa = PBXFileReference; lastKnownFileType = sourcecode.swift; path = AppDelegate.swift; sourceTree = "<group>"; };
		D2001E942062338A00074BA7 /* ViewController.swift */ = {isa = PBXFileReference; lastKnownFileType = sourcecode.swift; path = ViewController.swift; sourceTree = "<group>"; };
		D2001E972062338A00074BA7 /* Base */ = {isa = PBXFileReference; lastKnownFileType = file.storyboard; name = Base; path = Base.lproj/Main.storyboard; sourceTree = "<group>"; };
		D2001E992062338A00074BA7 /* Assets.xcassets */ = {isa = PBXFileReference; lastKnownFileType = folder.assetcatalog; path = Assets.xcassets; sourceTree = "<group>"; };
		D2001E9C2062338A00074BA7 /* Base */ = {isa = PBXFileReference; lastKnownFileType = file.storyboard; name = Base; path = Base.lproj/LaunchScreen.storyboard; sourceTree = "<group>"; };
		D2001E9E2062338A00074BA7 /* Info.plist */ = {isa = PBXFileReference; lastKnownFileType = text.plist.xml; path = Info.plist; sourceTree = "<group>"; };
		D2001EA32062338A00074BA7 /* JenkinsExampleTests.xctest */ = {isa = PBXFileReference; explicitFileType = wrapper.cfbundle; includeInIndex = 0; path = JenkinsExampleTests.xctest; sourceTree = BUILT_PRODUCTS_DIR; };
		D2001EA72062338A00074BA7 /* JenkinsExampleTests.swift */ = {isa = PBXFileReference; lastKnownFileType = sourcecode.swift; path = JenkinsExampleTests.swift; sourceTree = "<group>"; };
		D2001EA92062338A00074BA7 /* Info.plist */ = {isa = PBXFileReference; lastKnownFileType = text.plist.xml; path = Info.plist; sourceTree = "<group>"; };
		D2001EAE2062338A00074BA7 /* JenkinsExampleUITests.xctest */ = {isa = PBXFileReference; explicitFileType = wrapper.cfbundle; includeInIndex = 0; path = JenkinsExampleUITests.xctest; sourceTree = BUILT_PRODUCTS_DIR; };
		D2001EB22062338A00074BA7 /* JenkinsExampleUITests.swift */ = {isa = PBXFileReference; lastKnownFileType = sourcecode.swift; path = JenkinsExampleUITests.swift; sourceTree = "<group>"; };
		D2001EB42062338A00074BA7 /* Info.plist */ = {isa = PBXFileReference; lastKnownFileType = text.plist.xml; path = Info.plist; sourceTree = "<group>"; };
		D2001EC12062425000074BA7 /* Jenkinsfile */ = {isa = PBXFileReference; fileEncoding = 4; lastKnownFileType = text.script.sh; path = Jenkinsfile; sourceTree = SOURCE_ROOT; };
/* End PBXFileReference section */

/* Begin PBXFrameworksBuildPhase section */
		D2001E8C2062338A00074BA7 /* Frameworks */ = {
			isa = PBXFrameworksBuildPhase;
			buildActionMask = 2147483647;
			files = (
			);
			runOnlyForDeploymentPostprocessing = 0;
		};
		D2001EA02062338A00074BA7 /* Frameworks */ = {
			isa = PBXFrameworksBuildPhase;
			buildActionMask = 2147483647;
			files = (
			);
			runOnlyForDeploymentPostprocessing = 0;
		};
		D2001EAB2062338A00074BA7 /* Frameworks */ = {
			isa = PBXFrameworksBuildPhase;
			buildActionMask = 2147483647;
			files = (
			);
			runOnlyForDeploymentPostprocessing = 0;
		};
/* End PBXFrameworksBuildPhase section */

/* Begin PBXGroup section */
		D2001E862062338A00074BA7 = {
			isa = PBXGroup;
			children = (
				D2001E912062338A00074BA7 /* JenkinsExample */,
				D2001EA62062338A00074BA7 /* JenkinsExampleTests */,
				D2001EB12062338A00074BA7 /* JenkinsExampleUITests */,
				D2001E902062338A00074BA7 /* Products */,
			);
			sourceTree = "<group>";
		};
		D2001E902062338A00074BA7 /* Products */ = {
			isa = PBXGroup;
			children = (
				D2001E8F2062338A00074BA7 /* JenkinsExample.app */,
				D2001EA32062338A00074BA7 /* JenkinsExampleTests.xctest */,
				D2001EAE2062338A00074BA7 /* JenkinsExampleUITests.xctest */,
			);
			name = Products;
			sourceTree = "<group>";
		};
		D2001E912062338A00074BA7 /* JenkinsExample */ = {
			isa = PBXGroup;
			children = (
				D2001E922062338A00074BA7 /* AppDelegate.swift */,
				D2001E942062338A00074BA7 /* ViewController.swift */,
				D2001E962062338A00074BA7 /* Main.storyboard */,
				D2001E992062338A00074BA7 /* Assets.xcassets */,
				D2001E9B2062338A00074BA7 /* LaunchScreen.storyboard */,
				D2001E9E2062338A00074BA7 /* Info.plist */,
				D2001EC12062425000074BA7 /* Jenkinsfile */,
			);
			path = JenkinsExample;
			sourceTree = "<group>";
		};
		D2001EA62062338A00074BA7 /* JenkinsExampleTests */ = {
			isa = PBXGroup;
			children = (
				D2001EA72062338A00074BA7 /* JenkinsExampleTests.swift */,
				D2001EA92062338A00074BA7 /* Info.plist */,
			);
			path = JenkinsExampleTests;
			sourceTree = "<group>";
		};
		D2001EB12062338A00074BA7 /* JenkinsExampleUITests */ = {
			isa = PBXGroup;
			children = (
				D2001EB22062338A00074BA7 /* JenkinsExampleUITests.swift */,
				D2001EB42062338A00074BA7 /* Info.plist */,
			);
			path = JenkinsExampleUITests;
			sourceTree = "<group>";
		};
/* End PBXGroup section */

/* Begin PBXNativeTarget section */
		D2001E8E2062338A00074BA7 /* JenkinsExample */ = {
			isa = PBXNativeTarget;
			buildConfigurationList = D2001EB72062338A00074BA7 /* Build configuration list for PBXNativeTarget "JenkinsExample" */;
			buildPhases = (
				D2001E8B2062338A00074BA7 /* Sources */,
				D2001E8C2062338A00074BA7 /* Frameworks */,
				D2001E8D2062338A00074BA7 /* Resources */,
			);
			buildRules = (
			);
			dependencies = (
			);
			name = JenkinsExample;
			productName = JenkinsExample;
			productReference = D2001E8F2062338A00074BA7 /* JenkinsExample.app */;
			productType = "com.apple.product-type.application";
		};
		D2001EA22062338A00074BA7 /* JenkinsExampleTests */ = {
			isa = PBXNativeTarget;
			buildConfigurationList = D2001EBA2062338A00074BA7 /* Build configuration list for PBXNativeTarget "JenkinsExampleTests" */;
			buildPhases = (
				D2001E9F2062338A00074BA7 /* Sources */,
				D2001EA02062338A00074BA7 /* Frameworks */,
				D2001EA12062338A00074BA7 /* Resources */,
			);
			buildRules = (
			);
			dependencies = (
				D2001EA52062338A00074BA7 /* PBXTargetDependency */,
			);
			name = JenkinsExampleTests;
			productName = JenkinsExampleTests;
			productReference = D2001EA32062338A00074BA7 /* JenkinsExampleTests.xctest */;
			productType = "com.apple.product-type.bundle.unit-test";
		};
		D2001EAD2062338A00074BA7 /* JenkinsExampleUITests */ = {
			isa = PBXNativeTarget;
			buildConfigurationList = D2001EBD2062338A00074BA7 /* Build configuration list for PBXNativeTarget "JenkinsExampleUITests" */;
			buildPhases = (
				D2001EAA2062338A00074BA7 /* Sources */,
				D2001EAB2062338A00074BA7 /* Frameworks */,
				D2001EAC2062338A00074BA7 /* Resources */,
			);
			buildRules = (
			);
			dependencies = (
				D2001EB02062338A00074BA7 /* PBXTargetDependency */,
			);
			name = JenkinsExampleUITests;
			productName = JenkinsExampleUITests;
			productReference = D2001EAE2062338A00074BA7 /* JenkinsExampleUITests.xctest */;
			productType = "com.apple.product-type.bundle.ui-testing";
		};
/* End PBXNativeTarget section */

/* Begin PBXProject section */
		D2001E872062338A00074BA7 /* Project object */ = {
			isa = PBXProject;
			attributes = {
				LastSwiftUpdateCheck = 0920;
				LastUpgradeCheck = 0920;
				ORGANIZATIONNAME = AhmedJabir;
				TargetAttributes = {
					D2001E8E2062338A00074BA7 = {
						CreatedOnToolsVersion = 9.2;
						ProvisioningStyle = Automatic;
					};
					D2001EA22062338A00074BA7 = {
						CreatedOnToolsVersion = 9.2;
						ProvisioningStyle = Automatic;
						TestTargetID = D2001E8E2062338A00074BA7;
					};
					D2001EAD2062338A00074BA7 = {
						CreatedOnToolsVersion = 9.2;
						ProvisioningStyle = Automatic;
						TestTargetID = D2001E8E2062338A00074BA7;
					};
				};
			};
			buildConfigurationList = D2001E8A2062338A00074BA7 /* Build configuration list for PBXProject "JenkinsExample" */;
			compatibilityVersion = "Xcode 8.0";
			developmentRegion = en;
			hasScannedForEncodings = 0;
			knownRegions = (
				en,
				Base,
			);
			mainGroup = D2001E862062338A00074BA7;
			productRefGroup = D2001E902062338A00074BA7 /* Products */;
			projectDirPath = "";
			projectRoot = "";
			targets = (
				D2001E8E2062338A00074BA7 /* JenkinsExample */,
				D2001EA22062338A00074BA7 /* JenkinsExampleTests */,
				D2001EAD2062338A00074BA7 /* JenkinsExampleUITests */,
			);
		};
/* End PBXProject section */

/* Begin PBXResourcesBuildPhase section */
		D2001E8D2062338A00074BA7 /* Resources */ = {
			isa = PBXResourcesBuildPhase;
			buildActionMask = 2147483647;
			files = (
				D2001E9D2062338A00074BA7 /* LaunchScreen.storyboard in Resources */,
				D2001EC22062425000074BA7 /* Jenkinsfile in Resources */,
				D2001E9A2062338A00074BA7 /* Assets.xcassets in Resources */,
				D2001E982062338A00074BA7 /* Main.storyboard in Resources */,
			);
			runOnlyForDeploymentPostprocessing = 0;
		};
		D2001EA12062338A00074BA7 /* Resources */ = {
			isa = PBXResourcesBuildPhase;
			buildActionMask = 2147483647;
			files = (
			);
			runOnlyForDeploymentPostprocessing = 0;
		};
		D2001EAC2062338A00074BA7 /* Resources */ = {
			isa = PBXResourcesBuildPhase;
			buildActionMask = 2147483647;
			files = (
			);
			runOnlyForDeploymentPostprocessing = 0;
		};
/* End PBXResourcesBuildPhase section */

/* Begin PBXSourcesBuildPhase section */
		D2001E8B2062338A00074BA7 /* Sources */ = {
			isa = PBXSourcesBuildPhase;
			buildActionMask = 2147483647;
			files = (
				D2001E952062338A00074BA7 /* ViewController.swift in Sources */,
				D2001E932062338A00074BA7 /* AppDelegate.swift in Sources */,
			);
			runOnlyForDeploymentPostprocessing = 0;
		};
		D2001E9F2062338A00074BA7 /* Sources */ = {
			isa = PBXSourcesBuildPhase;
			buildActionMask = 2147483647;
			files = (
				D2001EA82062338A00074BA7 /* JenkinsExampleTests.swift in Sources */,
			);
			runOnlyForDeploymentPostprocessing = 0;
		};
		D2001EAA2062338A00074BA7 /* Sources */ = {
			isa = PBXSourcesBuildPhase;
			buildActionMask = 2147483647;
			files = (
				D2001EB32062338A00074BA7 /* JenkinsExampleUITests.swift in Sources */,
			);
			runOnlyForDeploymentPostprocessing = 0;
		};
/* End PBXSourcesBuildPhase section */

/* Begin PBXTargetDependency section */
		D2001EA52062338A00074BA7 /* PBXTargetDependency */ = {
			isa = PBXTargetDependency;
			target = D2001E8E2062338A00074BA7 /* JenkinsExample */;
			targetProxy = D2001EA42062338A00074BA7 /* PBXContainerItemProxy */;
		};
		D2001EB02062338A00074BA7 /* PBXTargetDependency */ = {
			isa = PBXTargetDependency;
			target = D2001E8E2062338A00074BA7 /* JenkinsExample */;
			targetProxy = D2001EAF2062338A00074BA7 /* PBXContainerItemProxy */;
		};
/* End PBXTargetDependency section */

/* Begin PBXVariantGroup section */
		D2001E962062338A00074BA7 /* Main.storyboard */ = {
			isa = PBXVariantGroup;
			children = (
				D2001E972062338A00074BA7 /* Base */,
			);
			name = Main.storyboard;
			sourceTree = "<group>";
		};
		D2001E9B2062338A00074BA7 /* LaunchScreen.storyboard */ = {
			isa = PBXVariantGroup;
			children = (
				D2001E9C2062338A00074BA7 /* Base */,
			);
			name = LaunchScreen.storyboard;
			sourceTree = "<group>";
		};
/* End PBXVariantGroup section */

/* Begin XCBuildConfiguration section */
		D2001EB52062338A00074BA7 /* Debug */ = {
			isa = XCBuildConfiguration;
			buildSettings = {
				ALWAYS_SEARCH_USER_PATHS = NO;
				CLANG_ANALYZER_NONNULL = YES;
				CLANG_ANALYZER_NUMBER_OBJECT_CONVERSION = YES_AGGRESSIVE;
				CLANG_CXX_LANGUAGE_STANDARD = "gnu++14";
				CLANG_CXX_LIBRARY = "libc++";
				CLANG_ENABLE_MODULES = YES;
				CLANG_ENABLE_OBJC_ARC = YES;
				CLANG_WARN_BLOCK_CAPTURE_AUTORELEASING = YES;
				CLANG_WARN_BOOL_CONVERSION = YES;
				CLANG_WARN_COMMA = YES;
				CLANG_WARN_CONSTANT_CONVERSION = YES;
				CLANG_WARN_DIRECT_OBJC_ISA_USAGE = YES_ERROR;
				CLANG_WARN_DOCUMENTATION_COMMENTS = YES;
				CLANG_WARN_EMPTY_BODY = YES;
				CLANG_WARN_ENUM_CONVERSION = YES;
				CLANG_WARN_INFINITE_RECURSION = YES;
				CLANG_WARN_INT_CONVERSION = YES;
				CLANG_WARN_NON_LITERAL_NULL_CONVERSION = YES;
				CLANG_WARN_OBJC_LITERAL_CONVERSION = YES;
				CLANG_WARN_OBJC_ROOT_CLASS = YES_ERROR;
				CLANG_WARN_RANGE_LOOP_ANALYSIS = YES;
				CLANG_WARN_STRICT_PROTOTYPES = YES;
				CLANG_WARN_SUSPICIOUS_MOVE = YES;
				CLANG_WARN_UNGUARDED_AVAILABILITY = YES_AGGRESSIVE;
				CLANG_WARN_UNREACHABLE_CODE = YES;
				CLANG_WARN__DUPLICATE_METHOD_MATCH = YES;
				CODE_SIGN_IDENTITY = "iPhone Developer";
				COPY_PHASE_STRIP = NO;
				DEBUG_INFORMATION_FORMAT = dwarf;
				ENABLE_STRICT_OBJC_MSGSEND = YES;
				ENABLE_TESTABILITY = YES;
				GCC_C_LANGUAGE_STANDARD = gnu11;
				GCC_DYNAMIC_NO_PIC = NO;
				GCC_NO_COMMON_BLOCKS = YES;
				GCC_OPTIMIZATION_LEVEL = 0;
				GCC_PREPROCESSOR_DEFINITIONS = (
					"DEBUG=1",
					"$(inherited)",
				);
				GCC_WARN_64_TO_32_BIT_CONVERSION = YES;
				GCC_WARN_ABOUT_RETURN_TYPE = YES_ERROR;
				GCC_WARN_UNDECLARED_SELECTOR = YES;
				GCC_WARN_UNINITIALIZED_AUTOS = YES_AGGRESSIVE;
				GCC_WARN_UNUSED_FUNCTION = YES;
				GCC_WARN_UNUSED_VARIABLE = YES;
				IPHONEOS_DEPLOYMENT_TARGET = 11.2;
				MTL_ENABLE_DEBUG_INFO = YES;
				ONLY_ACTIVE_ARCH = YES;
				SDKROOT = iphoneos;
				SWIFT_ACTIVE_COMPILATION_CONDITIONS = DEBUG;
				SWIFT_OPTIMIZATION_LEVEL = "-Onone";
			};
			name = Debug;
		};
		D2001EB62062338A00074BA7 /* Release */ = {
			isa = XCBuildConfiguration;
			buildSettings = {
				ALWAYS_SEARCH_USER_PATHS = NO;
				CLANG_ANALYZER_NONNULL = YES;
				CLANG_ANALYZER_NUMBER_OBJECT_CONVERSION = YES_AGGRESSIVE;
				CLANG_CXX_LANGUAGE_STANDARD = "gnu++14";
				CLANG_CXX_LIBRARY = "libc++";
				CLANG_ENABLE_MODULES = YES;
				CLANG_ENABLE_OBJC_ARC = YES;
				CLANG_WARN_BLOCK_CAPTURE_AUTORELEASING = YES;
				CLANG_WARN_BOOL_CONVERSION = YES;
				CLANG_WARN_COMMA = YES;
				CLANG_WARN_CONSTANT_CONVERSION = YES;
				CLANG_WARN_DIRECT_OBJC_ISA_USAGE = YES_ERROR;
				CLANG_WARN_DOCUMENTATION_COMMENTS = YES;
				CLANG_WARN_EMPTY_BODY = YES;
				CLANG_WARN_ENUM_CONVERSION = YES;
				CLANG_WARN_INFINITE_RECURSION = YES;
				CLANG_WARN_INT_CONVERSION = YES;
				CLANG_WARN_NON_LITERAL_NULL_CONVERSION = YES;
				CLANG_WARN_OBJC_LITERAL_CONVERSION = YES;
				CLANG_WARN_OBJC_ROOT_CLASS = YES_ERROR;
				CLANG_WARN_RANGE_LOOP_ANALYSIS = YES;
				CLANG_WARN_STRICT_PROTOTYPES = YES;
				CLANG_WARN_SUSPICIOUS_MOVE = YES;
				CLANG_WARN_UNGUARDED_AVAILABILITY = YES_AGGRESSIVE;
				CLANG_WARN_UNREACHABLE_CODE = YES;
				CLANG_WARN__DUPLICATE_METHOD_MATCH = YES;
				CODE_SIGN_IDENTITY = "iPhone Developer";
				COPY_PHASE_STRIP = NO;
				DEBUG_INFORMATION_FORMAT = "dwarf-with-dsym";
				ENABLE_NS_ASSERTIONS = NO;
				ENABLE_STRICT_OBJC_MSGSEND = YES;
				GCC_C_LANGUAGE_STANDARD = gnu11;
				GCC_NO_COMMON_BLOCKS = YES;
				GCC_WARN_64_TO_32_BIT_CONVERSION = YES;
				GCC_WARN_ABOUT_RETURN_TYPE = YES_ERROR;
				GCC_WARN_UNDECLARED_SELECTOR = YES;
				GCC_WARN_UNINITIALIZED_AUTOS = YES_AGGRESSIVE;
				GCC_WARN_UNUSED_FUNCTION = YES;
				GCC_WARN_UNUSED_VARIABLE = YES;
				IPHONEOS_DEPLOYMENT_TARGET = 11.2;
				MTL_ENABLE_DEBUG_INFO = NO;
				SDKROOT = iphoneos;
				SWIFT_OPTIMIZATION_LEVEL = "-Owholemodule";
				VALIDATE_PRODUCT = YES;
			};
			name = Release;
		};
		D2001EB82062338A00074BA7 /* Debug */ = {
			isa = XCBuildConfiguration;
			buildSettings = {
				ASSETCATALOG_COMPILER_APPICON_NAME = AppIcon;
				CODE_SIGN_STYLE = Automatic;
				DEVELOPMENT_TEAM = 223QR6AJ24;
				INFOPLIST_FILE = JenkinsExample/Info.plist;
				LD_RUNPATH_SEARCH_PATHS = "$(inherited) @executable_path/Frameworks";
				PRODUCT_BUNDLE_IDENTIFIER = com.JenkinsExample;
				PRODUCT_NAME = "$(TARGET_NAME)";
				SWIFT_VERSION = 4.0;
				TARGETED_DEVICE_FAMILY = "1,2";
			};
			name = Debug;
		};
		D2001EB92062338A00074BA7 /* Release */ = {
			isa = XCBuildConfiguration;
			buildSettings = {
				ASSETCATALOG_COMPILER_APPICON_NAME = AppIcon;
				CODE_SIGN_STYLE = Automatic;
				DEVELOPMENT_TEAM = 223QR6AJ24;
				INFOPLIST_FILE = JenkinsExample/Info.plist;
				LD_RUNPATH_SEARCH_PATHS = "$(inherited) @executable_path/Frameworks";
				PRODUCT_BUNDLE_IDENTIFIER = com.JenkinsExample;
				PRODUCT_NAME = "$(TARGET_NAME)";
				SWIFT_VERSION = 4.0;
				TARGETED_DEVICE_FAMILY = "1,2";
			};
			name = Release;
		};
		D2001EBB2062338A00074BA7 /* Debug */ = {
			isa = XCBuildConfiguration;
			buildSettings = {
				ALWAYS_EMBED_SWIFT_STANDARD_LIBRARIES = YES;
				BUNDLE_LOADER = "$(TEST_HOST)";
				CODE_SIGN_STYLE = Automatic;
				DEVELOPMENT_TEAM = 223QR6AJ24;
				INFOPLIST_FILE = JenkinsExampleTests/Info.plist;
				LD_RUNPATH_SEARCH_PATHS = "$(inherited) @executable_path/Frameworks @loader_path/Frameworks";
				PRODUCT_BUNDLE_IDENTIFIER = com.JenkinsExampleTests;
				PRODUCT_NAME = "$(TARGET_NAME)";
				SWIFT_VERSION = 4.0;
				TARGETED_DEVICE_FAMILY = "1,2";
				TEST_HOST = "$(BUILT_PRODUCTS_DIR)/JenkinsExample.app/JenkinsExample";
			};
			name = Debug;
		};
		D2001EBC2062338A00074BA7 /* Release */ = {
			isa = XCBuildConfiguration;
			buildSettings = {
				ALWAYS_EMBED_SWIFT_STANDARD_LIBRARIES = YES;
				BUNDLE_LOADER = "$(TEST_HOST)";
				CODE_SIGN_STYLE = Automatic;
				DEVELOPMENT_TEAM = 223QR6AJ24;
				INFOPLIST_FILE = JenkinsExampleTests/Info.plist;
				LD_RUNPATH_SEARCH_PATHS = "$(inherited) @executable_path/Frameworks @loader_path/Frameworks";
				PRODUCT_BUNDLE_IDENTIFIER = com.JenkinsExampleTests;
				PRODUCT_NAME = "$(TARGET_NAME)";
				SWIFT_VERSION = 4.0;
				TARGETED_DEVICE_FAMILY = "1,2";
				TEST_HOST = "$(BUILT_PRODUCTS_DIR)/JenkinsExample.app/JenkinsExample";
			};
			name = Release;
		};
		D2001EBE2062338A00074BA7 /* Debug */ = {
			isa = XCBuildConfiguration;
			buildSettings = {
				ALWAYS_EMBED_SWIFT_STANDARD_LIBRARIES = YES;
				CODE_SIGN_STYLE = Automatic;
				DEVELOPMENT_TEAM = 223QR6AJ24;
				INFOPLIST_FILE = JenkinsExampleUITests/Info.plist;
				LD_RUNPATH_SEARCH_PATHS = "$(inherited) @executable_path/Frameworks @loader_path/Frameworks";
				PRODUCT_BUNDLE_IDENTIFIER = com.JenkinsExampleUITests;
				PRODUCT_NAME = "$(TARGET_NAME)";
				SWIFT_VERSION = 4.0;
				TARGETED_DEVICE_FAMILY = "1,2";
				TEST_TARGET_NAME = JenkinsExample;
			};
			name = Debug;
		};
		D2001EBF2062338A00074BA7 /* Release */ = {
			isa = XCBuildConfiguration;
			buildSettings = {
				ALWAYS_EMBED_SWIFT_STANDARD_LIBRARIES = YES;
				CODE_SIGN_STYLE = Automatic;
				DEVELOPMENT_TEAM = 223QR6AJ24;
				INFOPLIST_FILE = JenkinsExampleUITests/Info.plist;
				LD_RUNPATH_SEARCH_PATHS = "$(inherited) @executable_path/Frameworks @loader_path/Frameworks";
				PRODUCT_BUNDLE_IDENTIFIER = com.JenkinsExampleUITests;
				PRODUCT_NAME = "$(TARGET_NAME)";
				SWIFT_VERSION = 4.0;
				TARGETED_DEVICE_FAMILY = "1,2";
				TEST_TARGET_NAME = JenkinsExample;
			};
			name = Release;
		};
/* End XCBuildConfiguration section */

/* Begin XCConfigurationList section */
		D2001E8A2062338A00074BA7 /* Build configuration list for PBXProject "JenkinsExample" */ = {
			isa = XCConfigurationList;
			buildConfigurations = (
				D2001EB52062338A00074BA7 /* Debug */,
				D2001EB62062338A00074BA7 /* Release */,
			);
			defaultConfigurationIsVisible = 0;
			defaultConfigurationName = Release;
		};
		D2001EB72062338A00074BA7 /* Build configuration list for PBXNativeTarget "JenkinsExample" */ = {
			isa = XCConfigurationList;
			buildConfigurations = (
				D2001EB82062338A00074BA7 /* Debug */,
				D2001EB92062338A00074BA7 /* Release */,
			);
			defaultConfigurationIsVisible = 0;
			defaultConfigurationName = Release;
		};
		D2001EBA2062338A00074BA7 /* Build configuration list for PBXNativeTarget "JenkinsExampleTests" */ = {
			isa = XCConfigurationList;
			buildConfigurations = (
				D2001EBB2062338A00074BA7 /* Debug */,
				D2001EBC2062338A00074BA7 /* Release */,
			);
			defaultConfigurationIsVisible = 0;
			defaultConfigurationName = Release;
		};
		D2001EBD2062338A00074BA7 /* Build configuration list for PBXNativeTarget "JenkinsExampleUITests" */ = {
			isa = XCConfigurationList;
			buildConfigurations = (
				D2001EBE2062338A00074BA7 /* Debug */,
				D2001EBF2062338A00074BA7 /* Release */,
			);
			defaultConfigurationIsVisible = 0;
			defaultConfigurationName = Release;
		};
/* End XCConfigurationList section */
	};
	rootObject = D2001E872062338A00074BA7 /* Project object */;
}
