// !$*UTF8*$!
{
	archiveVersion = 1;
	classes = {
	};
	objectVersion = 50;
	objects = {

/* Begin PBXBuildFile section */
		D2A1134E225E14D200D9D35E /* AppDelegate.swift in Sources */ = {isa = PBXBuildFile; fileRef = D2A1134D225E14D200D9D35E /* AppDelegate.swift */; };
		D2A11350225E14D200D9D35E /* ViewController.swift in Sources */ = {isa = PBXBuildFile; fileRef = D2A1134F225E14D200D9D35E /* ViewController.swift */; };
		D2A11353225E14D200D9D35E /* Main.storyboard in Resources */ = {isa = PBXBuildFile; fileRef = D2A11351225E14D200D9D35E /* Main.storyboard */; };
		D2A11355225E14D300D9D35E /* Assets.xcassets in Resources */ = {isa = PBXBuildFile; fileRef = D2A11354225E14D300D9D35E /* Assets.xcassets */; };
		D2A11358225E14D300D9D35E /* LaunchScreen.storyboard in Resources */ = {isa = PBXBuildFile; fileRef = D2A11356225E14D300D9D35E /* LaunchScreen.storyboard */; };
		D2A11363225E14D400D9D35E /* JenkinsExampleTests.swift in Sources */ = {isa = PBXBuildFile; fileRef = D2A11362225E14D400D9D35E /* JenkinsExampleTests.swift */; };
		D2A1136E225E14D400D9D35E /* JenkinsExampleUITests.swift in Sources */ = {isa = PBXBuildFile; fileRef = D2A1136D225E14D400D9D35E /* JenkinsExampleUITests.swift */; };
/* End PBXBuildFile section */

/* Begin PBXContainerItemProxy section */
		D2A1135F225E14D400D9D35E /* PBXContainerItemProxy */ = {
			isa = PBXContainerItemProxy;
			containerPortal = D2A11342225E14D200D9D35E /* Project object */;
			proxyType = 1;
			remoteGlobalIDString = D2A11349225E14D200D9D35E;
			remoteInfo = JenkinsExample;
		};
		D2A1136A225E14D400D9D35E /* PBXContainerItemProxy */ = {
			isa = PBXContainerItemProxy;
			containerPortal = D2A11342225E14D200D9D35E /* Project object */;
			proxyType = 1;
			remoteGlobalIDString = D2A11349225E14D200D9D35E;
			remoteInfo = JenkinsExample;
		};
/* End PBXContainerItemProxy section */

/* Begin PBXFileReference section */
		D2A1134A225E14D200D9D35E /* JenkinsExample.app */ = {isa = PBXFileReference; explicitFileType = wrapper.application; includeInIndex = 0; path = JenkinsExample.app; sourceTree = BUILT_PRODUCTS_DIR; };
		D2A1134D225E14D200D9D35E /* AppDelegate.swift */ = {isa = PBXFileReference; lastKnownFileType = sourcecode.swift; path = AppDelegate.swift; sourceTree = "<group>"; };
		D2A1134F225E14D200D9D35E /* ViewController.swift */ = {isa = PBXFileReference; lastKnownFileType = sourcecode.swift; path = ViewController.swift; sourceTree = "<group>"; };
		D2A11352225E14D200D9D35E /* Base */ = {isa = PBXFileReference; lastKnownFileType = file.storyboard; name = Base; path = Base.lproj/Main.storyboard; sourceTree = "<group>"; };
		D2A11354225E14D300D9D35E /* Assets.xcassets */ = {isa = PBXFileReference; lastKnownFileType = folder.assetcatalog; path = Assets.xcassets; sourceTree = "<group>"; };
		D2A11357225E14D300D9D35E /* Base */ = {isa = PBXFileReference; lastKnownFileType = file.storyboard; name = Base; path = Base.lproj/LaunchScreen.storyboard; sourceTree = "<group>"; };
		D2A11359225E14D300D9D35E /* Info.plist */ = {isa = PBXFileReference; lastKnownFileType = text.plist.xml; path = Info.plist; sourceTree = "<group>"; };
		D2A1135E225E14D400D9D35E /* JenkinsExampleTests.xctest */ = {isa = PBXFileReference; explicitFileType = wrapper.cfbundle; includeInIndex = 0; path = JenkinsExampleTests.xctest; sourceTree = BUILT_PRODUCTS_DIR; };
		D2A11362225E14D400D9D35E /* JenkinsExampleTests.swift */ = {isa = PBXFileReference; lastKnownFileType = sourcecode.swift; path = JenkinsExampleTests.swift; sourceTree = "<group>"; };
		D2A11364225E14D400D9D35E /* Info.plist */ = {isa = PBXFileReference; lastKnownFileType = text.plist.xml; path = Info.plist; sourceTree = "<group>"; };
		D2A11369225E14D400D9D35E /* JenkinsExampleUITests.xctest */ = {isa = PBXFileReference; explicitFileType = wrapper.cfbundle; includeInIndex = 0; path = JenkinsExampleUITests.xctest; sourceTree = BUILT_PRODUCTS_DIR; };
		D2A1136D225E14D400D9D35E /* JenkinsExampleUITests.swift */ = {isa = PBXFileReference; lastKnownFileType = sourcecode.swift; path = JenkinsExampleUITests.swift; sourceTree = "<group>"; };
		D2A1136F225E14D400D9D35E /* Info.plist */ = {isa = PBXFileReference; lastKnownFileType = text.plist.xml; path = Info.plist; sourceTree = "<group>"; };
/* End PBXFileReference section */

/* Begin PBXFrameworksBuildPhase section */
		D2A11347225E14D200D9D35E /* Frameworks */ = {
			isa = PBXFrameworksBuildPhase;
			buildActionMask = 2147483647;
			files = (
			);
			runOnlyForDeploymentPostprocessing = 0;
		};
		D2A1135B225E14D400D9D35E /* Frameworks */ = {
			isa = PBXFrameworksBuildPhase;
			buildActionMask = 2147483647;
			files = (
			);
			runOnlyForDeploymentPostprocessing = 0;
		};
		D2A11366225E14D400D9D35E /* Frameworks */ = {
			isa = PBXFrameworksBuildPhase;
			buildActionMask = 2147483647;
			files = (
			);
			runOnlyForDeploymentPostprocessing = 0;
		};
/* End PBXFrameworksBuildPhase section */

/* Begin PBXGroup section */
		D2A11341225E14D200D9D35E = {
			isa = PBXGroup;
			children = (
				D2A1134C225E14D200D9D35E /* JenkinsExample */,
				D2A11361225E14D400D9D35E /* JenkinsExampleTests */,
				D2A1136C225E14D400D9D35E /* JenkinsExampleUITests */,
				D2A1134B225E14D200D9D35E /* Products */,
			);
			sourceTree = "<group>";
		};
		D2A1134B225E14D200D9D35E /* Products */ = {
			isa = PBXGroup;
			children = (
				D2A1134A225E14D200D9D35E /* JenkinsExample.app */,
				D2A1135E225E14D400D9D35E /* JenkinsExampleTests.xctest */,
				D2A11369225E14D400D9D35E /* JenkinsExampleUITests.xctest */,
			);
			name = Products;
			sourceTree = "<group>";
		};
		D2A1134C225E14D200D9D35E /* JenkinsExample */ = {
			isa = PBXGroup;
			children = (
				D2A1134D225E14D200D9D35E /* AppDelegate.swift */,
				D2A1134F225E14D200D9D35E /* ViewController.swift */,
				D2A11351225E14D200D9D35E /* Main.storyboard */,
				D2A11354225E14D300D9D35E /* Assets.xcassets */,
				D2A11356225E14D300D9D35E /* LaunchScreen.storyboard */,
				D2A11359225E14D300D9D35E /* Info.plist */,
			);
			path = JenkinsExample;
			sourceTree = "<group>";
		};
		D2A11361225E14D400D9D35E /* JenkinsExampleTests */ = {
			isa = PBXGroup;
			children = (
				D2A11362225E14D400D9D35E /* JenkinsExampleTests.swift */,
				D2A11364225E14D400D9D35E /* Info.plist */,
			);
			path = JenkinsExampleTests;
			sourceTree = "<group>";
		};
		D2A1136C225E14D400D9D35E /* JenkinsExampleUITests */ = {
			isa = PBXGroup;
			children = (
				D2A1136D225E14D400D9D35E /* JenkinsExampleUITests.swift */,
				D2A1136F225E14D400D9D35E /* Info.plist */,
			);
			path = JenkinsExampleUITests;
			sourceTree = "<group>";
		};
/* End PBXGroup section */

/* Begin PBXNativeTarget section */
		D2A11349225E14D200D9D35E /* JenkinsExample */ = {
			isa = PBXNativeTarget;
			buildConfigurationList = D2A11372225E14D400D9D35E /* Build configuration list for PBXNativeTarget "JenkinsExample" */;
			buildPhases = (
				D2A11346225E14D200D9D35E /* Sources */,
				D2A11347225E14D200D9D35E /* Frameworks */,
				D2A11348225E14D200D9D35E /* Resources */,
			);
			buildRules = (
			);
			dependencies = (
			);
			name = JenkinsExample;
			productName = JenkinsExample;
			productReference = D2A1134A225E14D200D9D35E /* JenkinsExample.app */;
			productType = "com.apple.product-type.application";
		};
		D2A1135D225E14D400D9D35E /* JenkinsExampleTests */ = {
			isa = PBXNativeTarget;
			buildConfigurationList = D2A11375225E14D400D9D35E /* Build configuration list for PBXNativeTarget "JenkinsExampleTests" */;
			buildPhases = (
				D2A1135A225E14D400D9D35E /* Sources */,
				D2A1135B225E14D400D9D35E /* Frameworks */,
				D2A1135C225E14D400D9D35E /* Resources */,
			);
			buildRules = (
			);
			dependencies = (
				D2A11360225E14D400D9D35E /* PBXTargetDependency */,
			);
			name = JenkinsExampleTests;
			productName = JenkinsExampleTests;
			productReference = D2A1135E225E14D400D9D35E /* JenkinsExampleTests.xctest */;
			productType = "com.apple.product-type.bundle.unit-test";
		};
		D2A11368225E14D400D9D35E /* JenkinsExampleUITests */ = {
			isa = PBXNativeTarget;
			buildConfigurationList = D2A11378225E14D400D9D35E /* Build configuration list for PBXNativeTarget "JenkinsExampleUITests" */;
			buildPhases = (
				D2A11365225E14D400D9D35E /* Sources */,
				D2A11366225E14D400D9D35E /* Frameworks */,
				D2A11367225E14D400D9D35E /* Resources */,
			);
			buildRules = (
			);
			dependencies = (
				D2A1136B225E14D400D9D35E /* PBXTargetDependency */,
			);
			name = JenkinsExampleUITests;
			productName = JenkinsExampleUITests;
			productReference = D2A11369225E14D400D9D35E /* JenkinsExampleUITests.xctest */;
			productType = "com.apple.product-type.bundle.ui-testing";
		};
/* End PBXNativeTarget section */

/* Begin PBXProject section */
		D2A11342225E14D200D9D35E /* Project object */ = {
			isa = PBXProject;
			attributes = {
				LastSwiftUpdateCheck = 1010;
				LastUpgradeCheck = 1010;
				ORGANIZATIONNAME = "Ahmed Jabir";
				TargetAttributes = {
					D2A11349225E14D200D9D35E = {
						CreatedOnToolsVersion = 10.1;
					};
					D2A1135D225E14D400D9D35E = {
						CreatedOnToolsVersion = 10.1;
						TestTargetID = D2A11349225E14D200D9D35E;
					};
					D2A11368225E14D400D9D35E = {
						CreatedOnToolsVersion = 10.1;
						TestTargetID = D2A11349225E14D200D9D35E;
					};
				};
			};
			buildConfigurationList = D2A11345225E14D200D9D35E /* Build configuration list for PBXProject "JenkinsExample" */;
			compatibilityVersion = "Xcode 9.3";
			developmentRegion = en;
			hasScannedForEncodings = 0;
			knownRegions = (
				en,
				Base,
			);
			mainGroup = D2A11341225E14D200D9D35E;
			productRefGroup = D2A1134B225E14D200D9D35E /* Products */;
			projectDirPath = "";
			projectRoot = "";
			targets = (
				D2A11349225E14D200D9D35E /* JenkinsExample */,
				D2A1135D225E14D400D9D35E /* JenkinsExampleTests */,
				D2A11368225E14D400D9D35E /* JenkinsExampleUITests */,
			);
		};
/* End PBXProject section */

/* Begin PBXResourcesBuildPhase section */
		D2A11348225E14D200D9D35E /* Resources */ = {
			isa = PBXResourcesBuildPhase;
			buildActionMask = 2147483647;
			files = (
				D2A11358225E14D300D9D35E /* LaunchScreen.storyboard in Resources */,
				D2A11355225E14D300D9D35E /* Assets.xcassets in Resources */,
				D2A11353225E14D200D9D35E /* Main.storyboard in Resources */,
			);
			runOnlyForDeploymentPostprocessing = 0;
		};
		D2A1135C225E14D400D9D35E /* Resources */ = {
			isa = PBXResourcesBuildPhase;
			buildActionMask = 2147483647;
			files = (
			);
			runOnlyForDeploymentPostprocessing = 0;
		};
		D2A11367225E14D400D9D35E /* Resources */ = {
			isa = PBXResourcesBuildPhase;
			buildActionMask = 2147483647;
			files = (
			);
			runOnlyForDeploymentPostprocessing = 0;
		};
/* End PBXResourcesBuildPhase section */

/* Begin PBXSourcesBuildPhase section */
		D2A11346225E14D200D9D35E /* Sources */ = {
			isa = PBXSourcesBuildPhase;
			buildActionMask = 2147483647;
			files = (
				D2A11350225E14D200D9D35E /* ViewController.swift in Sources */,
				D2A1134E225E14D200D9D35E /* AppDelegate.swift in Sources */,
			);
			runOnlyForDeploymentPostprocessing = 0;
		};
		D2A1135A225E14D400D9D35E /* Sources */ = {
			isa = PBXSourcesBuildPhase;
			buildActionMask = 2147483647;
			files = (
				D2A11363225E14D400D9D35E /* JenkinsExampleTests.swift in Sources */,
			);
			runOnlyForDeploymentPostprocessing = 0;
		};
		D2A11365225E14D400D9D35E /* Sources */ = {
			isa = PBXSourcesBuildPhase;
			buildActionMask = 2147483647;
			files = (
				D2A1136E225E14D400D9D35E /* JenkinsExampleUITests.swift in Sources */,
			);
			runOnlyForDeploymentPostprocessing = 0;
		};
/* End PBXSourcesBuildPhase section */

/* Begin PBXTargetDependency section */
		D2A11360225E14D400D9D35E /* PBXTargetDependency */ = {
			isa = PBXTargetDependency;
			target = D2A11349225E14D200D9D35E /* JenkinsExample */;
			targetProxy = D2A1135F225E14D400D9D35E /* PBXContainerItemProxy */;
		};
		D2A1136B225E14D400D9D35E /* PBXTargetDependency */ = {
			isa = PBXTargetDependency;
			target = D2A11349225E14D200D9D35E /* JenkinsExample */;
			targetProxy = D2A1136A225E14D400D9D35E /* PBXContainerItemProxy */;
		};
/* End PBXTargetDependency section */

/* Begin PBXVariantGroup section */
		D2A11351225E14D200D9D35E /* Main.storyboard */ = {
			isa = PBXVariantGroup;
			children = (
				D2A11352225E14D200D9D35E /* Base */,
			);
			name = Main.storyboard;
			sourceTree = "<group>";
		};
		D2A11356225E14D300D9D35E /* LaunchScreen.storyboard */ = {
			isa = PBXVariantGroup;
			children = (
				D2A11357225E14D300D9D35E /* Base */,
			);
			name = LaunchScreen.storyboard;
			sourceTree = "<group>";
		};
/* End PBXVariantGroup section */

/* Begin XCBuildConfiguration section */
		D2A11370225E14D400D9D35E /* Debug */ = {
			isa = XCBuildConfiguration;
			buildSettings = {
				ALWAYS_SEARCH_USER_PATHS = NO;
				CLANG_ANALYZER_NONNULL = YES;
				CLANG_ANALYZER_NUMBER_OBJECT_CONVERSION = YES_AGGRESSIVE;
				CLANG_CXX_LANGUAGE_STANDARD = "gnu++14";
				CLANG_CXX_LIBRARY = "libc++";
				CLANG_ENABLE_MODULES = YES;
				CLANG_ENABLE_OBJC_ARC = YES;
				CLANG_ENABLE_OBJC_WEAK = YES;
				CLANG_WARN_BLOCK_CAPTURE_AUTORELEASING = YES;
				CLANG_WARN_BOOL_CONVERSION = YES;
				CLANG_WARN_COMMA = YES;
				CLANG_WARN_CONSTANT_CONVERSION = YES;
				CLANG_WARN_DEPRECATED_OBJC_IMPLEMENTATIONS = YES;
				CLANG_WARN_DIRECT_OBJC_ISA_USAGE = YES_ERROR;
				CLANG_WARN_DOCUMENTATION_COMMENTS = YES;
				CLANG_WARN_EMPTY_BODY = YES;
				CLANG_WARN_ENUM_CONVERSION = YES;
				CLANG_WARN_INFINITE_RECURSION = YES;
				CLANG_WARN_INT_CONVERSION = YES;
				CLANG_WARN_NON_LITERAL_NULL_CONVERSION = YES;
				CLANG_WARN_OBJC_IMPLICIT_RETAIN_SELF = YES;
				CLANG_WARN_OBJC_LITERAL_CONVERSION = YES;
				CLANG_WARN_OBJC_ROOT_CLASS = YES_ERROR;
				CLANG_WARN_RANGE_LOOP_ANALYSIS = YES;
				CLANG_WARN_STRICT_PROTOTYPES = YES;
				CLANG_WARN_SUSPICIOUS_MOVE = YES;
				CLANG_WARN_UNGUARDED_AVAILABILITY = YES_AGGRESSIVE;
				CLANG_WARN_UNREACHABLE_CODE = YES;
				CLANG_WARN__DUPLICATE_METHOD_MATCH = YES;
				CODE_SIGN_IDENTITY = "iPhone Developer";
				COPY_PHASE_STRIP = NO;
				DEBUG_INFORMATION_FORMAT = dwarf;
				ENABLE_STRICT_OBJC_MSGSEND = YES;
				ENABLE_TESTABILITY = YES;
				GCC_C_LANGUAGE_STANDARD = gnu11;
				GCC_DYNAMIC_NO_PIC = NO;
				GCC_NO_COMMON_BLOCKS = YES;
				GCC_OPTIMIZATION_LEVEL = 0;
				GCC_PREPROCESSOR_DEFINITIONS = (
					"DEBUG=1",
					"$(inherited)",
				);
				GCC_WARN_64_TO_32_BIT_CONVERSION = YES;
				GCC_WARN_ABOUT_RETURN_TYPE = YES_ERROR;
				GCC_WARN_UNDECLARED_SELECTOR = YES;
				GCC_WARN_UNINITIALIZED_AUTOS = YES_AGGRESSIVE;
				GCC_WARN_UNUSED_FUNCTION = YES;
				GCC_WARN_UNUSED_VARIABLE = YES;
				IPHONEOS_DEPLOYMENT_TARGET = 12.1;
				MTL_ENABLE_DEBUG_INFO = INCLUDE_SOURCE;
				MTL_FAST_MATH = YES;
				ONLY_ACTIVE_ARCH = YES;
				SDKROOT = iphoneos;
				SWIFT_ACTIVE_COMPILATION_CONDITIONS = DEBUG;
				SWIFT_OPTIMIZATION_LEVEL = "-Onone";
			};
			name = Debug;
		};
		D2A11371225E14D400D9D35E /* Release */ = {
			isa = XCBuildConfiguration;
			buildSettings = {
				ALWAYS_SEARCH_USER_PATHS = NO;
				CLANG_ANALYZER_NONNULL = YES;
				CLANG_ANALYZER_NUMBER_OBJECT_CONVERSION = YES_AGGRESSIVE;
				CLANG_CXX_LANGUAGE_STANDARD = "gnu++14";
				CLANG_CXX_LIBRARY = "libc++";
				CLANG_ENABLE_MODULES = YES;
				CLANG_ENABLE_OBJC_ARC = YES;
				CLANG_ENABLE_OBJC_WEAK = YES;
				CLANG_WARN_BLOCK_CAPTURE_AUTORELEASING = YES;
				CLANG_WARN_BOOL_CONVERSION = YES;
				CLANG_WARN_COMMA = YES;
				CLANG_WARN_CONSTANT_CONVERSION = YES;
				CLANG_WARN_DEPRECATED_OBJC_IMPLEMENTATIONS = YES;
				CLANG_WARN_DIRECT_OBJC_ISA_USAGE = YES_ERROR;
				CLANG_WARN_DOCUMENTATION_COMMENTS = YES;
				CLANG_WARN_EMPTY_BODY = YES;
				CLANG_WARN_ENUM_CONVERSION = YES;
				CLANG_WARN_INFINITE_RECURSION = YES;
				CLANG_WARN_INT_CONVERSION = YES;
				CLANG_WARN_NON_LITERAL_NULL_CONVERSION = YES;
				CLANG_WARN_OBJC_IMPLICIT_RETAIN_SELF = YES;
				CLANG_WARN_OBJC_LITERAL_CONVERSION = YES;
				CLANG_WARN_OBJC_ROOT_CLASS = YES_ERROR;
				CLANG_WARN_RANGE_LOOP_ANALYSIS = YES;
				CLANG_WARN_STRICT_PROTOTYPES = YES;
				CLANG_WARN_SUSPICIOUS_MOVE = YES;
				CLANG_WARN_UNGUARDED_AVAILABILITY = YES_AGGRESSIVE;
				CLANG_WARN_UNREACHABLE_CODE = YES;
				CLANG_WARN__DUPLICATE_METHOD_MATCH = YES;
				CODE_SIGN_IDENTITY = "iPhone Developer";
				COPY_PHASE_STRIP = NO;
				DEBUG_INFORMATION_FORMAT = "dwarf-with-dsym";
				ENABLE_NS_ASSERTIONS = NO;
				ENABLE_STRICT_OBJC_MSGSEND = YES;
				GCC_C_LANGUAGE_STANDARD = gnu11;
				GCC_NO_COMMON_BLOCKS = YES;
				GCC_WARN_64_TO_32_BIT_CONVERSION = YES;
				GCC_WARN_ABOUT_RETURN_TYPE = YES_ERROR;
				GCC_WARN_UNDECLARED_SELECTOR = YES;
				GCC_WARN_UNINITIALIZED_AUTOS = YES_AGGRESSIVE;
				GCC_WARN_UNUSED_FUNCTION = YES;
				GCC_WARN_UNUSED_VARIABLE = YES;
				IPHONEOS_DEPLOYMENT_TARGET = 12.1;
				MTL_ENABLE_DEBUG_INFO = NO;
				MTL_FAST_MATH = YES;
				SDKROOT = iphoneos;
				SWIFT_COMPILATION_MODE = wholemodule;
				SWIFT_OPTIMIZATION_LEVEL = "-O";
				VALIDATE_PRODUCT = YES;
			};
			name = Release;
		};
		D2A11373225E14D400D9D35E /* Debug */ = {
			isa = XCBuildConfiguration;
			buildSettings = {
				ASSETCATALOG_COMPILER_APPICON_NAME = AppIcon;
				CODE_SIGN_STYLE = Automatic;
				DEVELOPMENT_TEAM = 223QR6AJ24;
				INFOPLIST_FILE = JenkinsExample/Info.plist;
				IPHONEOS_DEPLOYMENT_TARGET = 11.0;
				LD_RUNPATH_SEARCH_PATHS = (
					"$(inherited)",
					"@executable_path/Frameworks",
				);
				PRODUCT_BUNDLE_IDENTIFIER = ae.adports.maqtagateway.trackntrace;
				PRODUCT_NAME = "$(TARGET_NAME)";
				SWIFT_VERSION = 4.2;
				TARGETED_DEVICE_FAMILY = "1,2";
			};
			name = Debug;
		};
		D2A11374225E14D400D9D35E /* Release */ = {
			isa = XCBuildConfiguration;
			buildSettings = {
				ASSETCATALOG_COMPILER_APPICON_NAME = AppIcon;
				CODE_SIGN_STYLE = Automatic;
				DEVELOPMENT_TEAM = 223QR6AJ24;
				INFOPLIST_FILE = JenkinsExample/Info.plist;
				IPHONEOS_DEPLOYMENT_TARGET = 11.0;
				LD_RUNPATH_SEARCH_PATHS = (
					"$(inherited)",
					"@executable_path/Frameworks",
				);
				PRODUCT_BUNDLE_IDENTIFIER = ae.adports.maqtagateway.trackntrace;
				PRODUCT_NAME = "$(TARGET_NAME)";
				SWIFT_VERSION = 4.2;
				TARGETED_DEVICE_FAMILY = "1,2";
			};
			name = Release;
		};
		D2A11376225E14D400D9D35E /* Debug */ = {
			isa = XCBuildConfiguration;
			buildSettings = {
				ALWAYS_EMBED_SWIFT_STANDARD_LIBRARIES = YES;
				BUNDLE_LOADER = "$(TEST_HOST)";
				CODE_SIGN_STYLE = Automatic;
				DEVELOPMENT_TEAM = 223QR6AJ24;
				INFOPLIST_FILE = JenkinsExampleTests/Info.plist;
				LD_RUNPATH_SEARCH_PATHS = (
					"$(inherited)",
					"@executable_path/Frameworks",
					"@loader_path/Frameworks",
				);
				PRODUCT_BUNDLE_IDENTIFIER = ae.adports.maqtagateway.jenkinsExample.JenkinsExampleTests;
				PRODUCT_NAME = "$(TARGET_NAME)";
				SWIFT_VERSION = 4.2;
				TARGETED_DEVICE_FAMILY = "1,2";
				TEST_HOST = "$(BUILT_PRODUCTS_DIR)/JenkinsExample.app/JenkinsExample";
			};
			name = Debug;
		};
		D2A11377225E14D400D9D35E /* Release */ = {
			isa = XCBuildConfiguration;
			buildSettings = {
				ALWAYS_EMBED_SWIFT_STANDARD_LIBRARIES = YES;
				BUNDLE_LOADER = "$(TEST_HOST)";
				CODE_SIGN_STYLE = Automatic;
				DEVELOPMENT_TEAM = 223QR6AJ24;
				INFOPLIST_FILE = JenkinsExampleTests/Info.plist;
				LD_RUNPATH_SEARCH_PATHS = (
					"$(inherited)",
					"@executable_path/Frameworks",
					"@loader_path/Frameworks",
				);
				PRODUCT_BUNDLE_IDENTIFIER = ae.adports.maqtagateway.jenkinsExample.JenkinsExampleTests;
				PRODUCT_NAME = "$(TARGET_NAME)";
				SWIFT_VERSION = 4.2;
				TARGETED_DEVICE_FAMILY = "1,2";
				TEST_HOST = "$(BUILT_PRODUCTS_DIR)/JenkinsExample.app/JenkinsExample";
			};
			name = Release;
		};
		D2A11379225E14D400D9D35E /* Debug */ = {
			isa = XCBuildConfiguration;
			buildSettings = {
				ALWAYS_EMBED_SWIFT_STANDARD_LIBRARIES = YES;
				CODE_SIGN_STYLE = Automatic;
				DEVELOPMENT_TEAM = 223QR6AJ24;
				INFOPLIST_FILE = JenkinsExampleUITests/Info.plist;
				LD_RUNPATH_SEARCH_PATHS = (
					"$(inherited)",
					"@executable_path/Frameworks",
					"@loader_path/Frameworks",
				);
				PRODUCT_BUNDLE_IDENTIFIER = ae.adports.maqtagateway.jenkinsExample.JenkinsExampleUITests;
				PRODUCT_NAME = "$(TARGET_NAME)";
				SWIFT_VERSION = 4.2;
				TARGETED_DEVICE_FAMILY = "1,2";
				TEST_TARGET_NAME = JenkinsExample;
			};
			name = Debug;
		};
		D2A1137A225E14D400D9D35E /* Release */ = {
			isa = XCBuildConfiguration;
			buildSettings = {
				ALWAYS_EMBED_SWIFT_STANDARD_LIBRARIES = YES;
				CODE_SIGN_STYLE = Automatic;
				DEVELOPMENT_TEAM = 223QR6AJ24;
				INFOPLIST_FILE = JenkinsExampleUITests/Info.plist;
				LD_RUNPATH_SEARCH_PATHS = (
					"$(inherited)",
					"@executable_path/Frameworks",
					"@loader_path/Frameworks",
				);
				PRODUCT_BUNDLE_IDENTIFIER = ae.adports.maqtagateway.jenkinsExample.JenkinsExampleUITests;
				PRODUCT_NAME = "$(TARGET_NAME)";
				SWIFT_VERSION = 4.2;
				TARGETED_DEVICE_FAMILY = "1,2";
				TEST_TARGET_NAME = JenkinsExample;
			};
			name = Release;
		};
/* End XCBuildConfiguration section */

/* Begin XCConfigurationList section */
		D2A11345225E14D200D9D35E /* Build configuration list for PBXProject "JenkinsExample" */ = {
			isa = XCConfigurationList;
			buildConfigurations = (
				D2A11370225E14D400D9D35E /* Debug */,
				D2A11371225E14D400D9D35E /* Release */,
			);
			defaultConfigurationIsVisible = 0;
			defaultConfigurationName = Release;
		};
		D2A11372225E14D400D9D35E /* Build configuration list for PBXNativeTarget "JenkinsExample" */ = {
			isa = XCConfigurationList;
			buildConfigurations = (
				D2A11373225E14D400D9D35E /* Debug */,
				D2A11374225E14D400D9D35E /* Release */,
			);
			defaultConfigurationIsVisible = 0;
			defaultConfigurationName = Release;
		};
		D2A11375225E14D400D9D35E /* Build configuration list for PBXNativeTarget "JenkinsExampleTests" */ = {
			isa = XCConfigurationList;
			buildConfigurations = (
				D2A11376225E14D400D9D35E /* Debug */,
				D2A11377225E14D400D9D35E /* Release */,
			);
			defaultConfigurationIsVisible = 0;
			defaultConfigurationName = Release;
		};
		D2A11378225E14D400D9D35E /* Build configuration list for PBXNativeTarget "JenkinsExampleUITests" */ = {
			isa = XCConfigurationList;
			buildConfigurations = (
				D2A11379225E14D400D9D35E /* Debug */,
				D2A1137A225E14D400D9D35E /* Release */,
			);
			defaultConfigurationIsVisible = 0;
			defaultConfigurationName = Release;
		};
/* End XCConfigurationList section */
	};
	rootObject = D2A11342225E14D200D9D35E /* Project object */;
}
